{
  "name": "finch-releases",
  "version": "0.0.0",
  "lockfileVersion": 3,
  "requires": true,
  "packages": {
    "": {
      "name": "finch-releases",
      "version": "0.0.0",
      "license": "MIT",
      "workspaces": [
        "packages/*"
      ],
      "engines": {
        "node": ">=18"
      }
    },
    "node_modules/@finch.app/extension-api": {
      "resolved": "packages/extension-api",
      "link": true
    },
    "node_modules/@finch.app/minitools": {
      "resolved": "packages/extensions",
      "link": true
    },
    "node_modules/@finch.app/skills": {
      "resolved": "packages/skills",
      "link": true
    },
    "packages/extension-api": {
      "name": "@finch.app/extension-api",
      "version": "0.1.3",
      "license": "MIT"
    },
    "packages/extensions": {
      "name": "@finch.app/minitools",
      "version": "0.1.4",
      "license": "MIT",
      "bin": {
        "finch-extensions": "bin/extensions.mjs"
      },
      "engines": {
        "node": ">=18"
      }
    },
    "packages/skills": {
      "name": "@finch.app/skills",
      "version": "0.1.7",
      "license": "MIT",
      "bin": {
        "finch-skills": "bin/skills.mjs"
      },
      "engines": {
        "node": ">=18"
      }
    }
  }
}
