{
  "name": "finch-releases",
  "version": "0.0.0",
  "lockfileVersion": 3,
  "requires": true,
  "packages": {
    "": {
      "name": "finch-releases",
      "version": "0.0.0",
      "license": "MIT",
      "workspaces": [
        "packages/*"
      ],
      "engines": {
        "node": ">=18"
      }
    },
    "node_modules/@finchtoys/minitool-api": {
      "resolved": "packages/minitool-api",
      "link": true
    },
    "node_modules/@finchtoys/minitools": {
      "resolved": "packages/minitools",
      "link": true
    },
    "node_modules/@finchtoys/skills": {
      "resolved": "packages/skills",
      "link": true
    },
    "packages/agently-mail-mcp": {
      "name": "@finchtoys/agently-mail-mcp",
      "version": "0.1.0",
      "extraneous": true,
      "license": "MIT",
      "dependencies": {
        "@modelcontextprotocol/sdk": "^1.29.0"
      },
      "bin": {
        "finch-agently-mail-mcp": "dist/index.js"
      },
      "devDependencies": {
        "@types/node": "^26.1.0",
        "typescript": "^6.0.3"
      },
      "engines": {
        "node": ">=18"
      }
    },
    "packages/minitool-api": {
      "name": "@finchtoys/minitool-api",
      "version": "0.1.16",
      "license": "MIT"
    },
    "packages/minitools": {
      "name": "@finchtoys/minitools",
      "version": "0.1.9",
      "license": "MIT",
      "bin": {
        "finch-minitools": "bin/minitools.mjs"
      },
      "engines": {
        "node": ">=18"
      }
    },
    "packages/skills": {
      "name": "@finchtoys/skills",
      "version": "0.1.9",
      "license": "MIT",
      "bin": {
        "finch-skills": "bin/skills.mjs"
      },
      "engines": {
        "node": ">=18"
      }
    }
  }
}
