{
  "name": "@finch.app/ext-ocr",
  "version": "0.1.0",
  "lockfileVersion": 3,
  "requires": true,
  "packages": {
    "": {
      "name": "@finch.app/ext-ocr",
      "version": "0.1.0",
      "license": "MIT",
      "devDependencies": {
        "@finch.app/minitool-api": "^0.1.13",
        "@types/node": "^26.1.0",
        "typescript": "^5.6.0"
      }
    },
    "node_modules/@finch.app/minitool-api": {
      "version": "0.1.13",
      "dev": true,
      "license": "MIT"
    },
    "node_modules/@types/node": {
      "version": "26.1.1",
      "dev": true,
      "license": "MIT",
      "dependencies": {
        "undici-types": "~8.3.0"
      }
    },
    "node_modules/typescript": {
      "version": "5.9.3",
      "dev": true,
      "license": "Apache-2.0",
      "bin": {
        "tsc": "bin/tsc",
        "tsserver": "bin/tsserver"
      },
      "engines": {
        "node": ">=14.17"
      }
    },
    "node_modules/undici-types": {
      "version": "8.3.0",
      "dev": true,
      "license": "MIT"
    }
  }
}
