{
  "name": "@finch.app/extension-example",
  "version": "1.0.0",
  "lockfileVersion": 3,
  "requires": true,
  "packages": {
    "": {
      "name": "@finch.app/extension-example",
      "version": "1.0.0",
      "license": "MIT",
      "devDependencies": {
        "@finch.app/extension-api": "^0.1.2",
        "@types/node": "^26.1.0",
        "lucide-static": "^1.23.0",
        "typescript": "^5.6.0"
      }
    },
    "node_modules/@finch.app/extension-api": {
      "version": "0.1.2",
      "resolved": "https://registry.npmjs.org/@finch.app/extension-api/-/extension-api-0.1.2.tgz",
      "integrity": "sha512-nY7n9YGvrp0xjl8yvYevxetkrWQ9c+ewbaHPT/EEcnXa8lT+TZP2dVMV/ar/9FtOkYrr5I4Zc9XbhKnZlpJAlA==",
      "dev": true,
      "license": "MIT"
    },
    "node_modules/@types/node": {
      "version": "26.1.0",
      "resolved": "https://registry.npmjs.org/@types/node/-/node-26.1.0.tgz",
      "integrity": "sha512-O0A1G3xPGy4w7AgQdAQYUlQ+BKk2Oovw8eRpofyp5KdBZULnbe+WqaOVNrm705SHphCiG4XHsACrSmPu1f+Kgw==",
      "dev": true,
      "license": "MIT",
      "dependencies": {
        "undici-types": "~8.3.0"
      }
    },
    "node_modules/lucide-static": {
      "version": "1.23.0",
      "resolved": "https://registry.npmjs.org/lucide-static/-/lucide-static-1.23.0.tgz",
      "integrity": "sha512-V4tqLEHfvsptGaAZMD8sFJKeGsz2nTAU0+ctxTX3afao/5bs+mhrvvGDmvQmyI7YhQwpIFodZmnkPTMYyGzH4Q==",
      "dev": true,
      "license": "ISC"
    },
    "node_modules/typescript": {
      "version": "5.9.3",
      "resolved": "https://registry.npmjs.org/typescript/-/typescript-5.9.3.tgz",
      "integrity": "sha512-jl1vZzPDinLr9eUt3J/t7V6FgNEw9QjvBPdysz9KfQDD41fQrC2Y4vKQdiaUpFT4bXlb1RHhLpp8wtm6M5TgSw==",
      "dev": true,
      "license": "Apache-2.0",
      "bin": {
        "tsc": "bin/tsc",
        "tsserver": "bin/tsserver"
      },
      "engines": {
        "node": ">=14.17"
      }
    },
    "node_modules/undici-types": {
      "version": "8.3.0",
      "resolved": "https://registry.npmjs.org/undici-types/-/undici-types-8.3.0.tgz",
      "integrity": "sha512-j375ScV60dom+YkPFIfTLcOiPxkN/buHz5GobjLhixFuANaNs3C9l4GmrWqejgXWJ7BbJcFYpTEUkS1Ge8bpZQ==",
      "dev": true,
      "license": "MIT"
    }
  }
}
